
Microsoft Visual Studio Solution File, Format Version 12.00
# Visual Studio Version 16
VisualStudioVersion = 16.0.31402.337
MinimumVisualStudioVersion = 10.0.40219.1
Project("{9A19103F-16F7-4668-BE54-9A1E7A4F7556}") = "SourceOfFund.API", "SourceOfFund.API\SourceOfFund.API.csproj", "{62358CB9-FBF2-4F82-9C40-209A337DB11E}"
EndProject
Project("{9A19103F-16F7-4668-BE54-9A1E7A4F7556}") = "SourceOfFund.Services", "SourceOfFund.Services\SourceOfFund.Services.csproj", "{4FC9FF3D-E6DB-48A4-8AEE-A5996F2AB0D0}"
EndProject
Project("{9A19103F-16F7-4668-BE54-9A1E7A4F7556}") = "SourceOfFund.Data", "SourceOfFund.Data\SourceOfFund.Data.csproj", "{289A8958-ABF0-4FBE-8279-96B3B9F4ACCB}"
EndProject
Project("{FAE04EC0-301F-11D3-BF4B-00C04F79EFBC}") = "SourceOfFund.Infrastructure", "SourceOfFund.Infrastructure\SourceOfFund.Infrastructure.csproj", "{D6114707-18D0-4EF8-9475-E4776B642CFC}"
EndProject
Global
	GlobalSection(SolutionConfigurationPlatforms) = preSolution
		Debug|Any CPU = Debug|Any CPU
		Release|Any CPU = Release|Any CPU
	EndGlobalSection
	GlobalSection(ProjectConfigurationPlatforms) = postSolution
		{62358CB9-FBF2-4F82-9C40-209A337DB11E}.Debug|Any CPU.ActiveCfg = Debug|Any CPU
		{62358CB9-FBF2-4F82-9C40-209A337DB11E}.Debug|Any CPU.Build.0 = Debug|Any CPU
		{62358CB9-FBF2-4F82-9C40-209A337DB11E}.Release|Any CPU.ActiveCfg = Release|Any CPU
		{62358CB9-FBF2-4F82-9C40-209A337DB11E}.Release|Any CPU.Build.0 = Release|Any CPU
		{4FC9FF3D-E6DB-48A4-8AEE-A5996F2AB0D0}.Debug|Any CPU.ActiveCfg = Debug|Any CPU
		{4FC9FF3D-E6DB-48A4-8AEE-A5996F2AB0D0}.Debug|Any CPU.Build.0 = Debug|Any CPU
		{4FC9FF3D-E6DB-48A4-8AEE-A5996F2AB0D0}.Release|Any CPU.ActiveCfg = Release|Any CPU
		{4FC9FF3D-E6DB-48A4-8AEE-A5996F2AB0D0}.Release|Any CPU.Build.0 = Release|Any CPU
		{289A8958-ABF0-4FBE-8279-96B3B9F4ACCB}.Debug|Any CPU.ActiveCfg = Debug|Any CPU
		{289A8958-ABF0-4FBE-8279-96B3B9F4ACCB}.Debug|Any CPU.Build.0 = Debug|Any CPU
		{289A8958-ABF0-4FBE-8279-96B3B9F4ACCB}.Release|Any CPU.ActiveCfg = Release|Any CPU
		{289A8958-ABF0-4FBE-8279-96B3B9F4ACCB}.Release|Any CPU.Build.0 = Release|Any CPU
		{D6114707-18D0-4EF8-9475-E4776B642CFC}.Debug|Any CPU.ActiveCfg = Debug|Any CPU
		{D6114707-18D0-4EF8-9475-E4776B642CFC}.Debug|Any CPU.Build.0 = Debug|Any CPU
		{D6114707-18D0-4EF8-9475-E4776B642CFC}.Release|Any CPU.ActiveCfg = Release|Any CPU
		{D6114707-18D0-4EF8-9475-E4776B642CFC}.Release|Any CPU.Build.0 = Release|Any CPU
	EndGlobalSection
	GlobalSection(SolutionProperties) = preSolution
		HideSolutionNode = FALSE
	EndGlobalSection
	GlobalSection(ExtensibilityGlobals) = postSolution
		SolutionGuid = {65B3BAD8-3196-42BD-BAA3-5C71DFDEBBFB}
	EndGlobalSection
EndGlobal
